
Microsoft Visual Studio Solution File, Format Version 12.00
# Visual Studio Version 17
VisualStudioVersion = 17.8.34316.72
MinimumVisualStudioVersion = 10.0.40219.1
Project("{2150E333-8FDC-42A3-9474-1A3956D46DE8}") = "MedicationsApp.Core", "MedicationsApp.Core", "{7291360E-51C9-4A23-BE39-D9AF0AF988B7}"
EndProject
Project("{9A19103F-16F7-4668-BE54-9A1E7A4F7556}") = "MedicationsApp.Core", "MedicationsApp.Core\MedicationsApp.Core.csproj", "{61856C12-221D-4E46-BE6B-BB6B945841F3}"
EndProject
Project("{2150E333-8FDC-42A3-9474-1A3956D46DE8}") = "MedicationsApp.Application", "MedicationsApp.Application", "{AD181126-39DA-46F6-9865-20EBB4FE4471}"
EndProject
Project("{FAE04EC0-301F-11D3-BF4B-00C04F79EFBC}") = "MedicationsApp.Application", "MedicationsApp.Application\MedicationsApp.Application.csproj", "{02721A57-D482-4A20-BEC7-7164328CA95C}"
EndProject
Global
	GlobalSection(SolutionConfigurationPlatforms) = preSolution
		Debug|Any CPU = Debug|Any CPU
		Release|Any CPU = Release|Any CPU
	EndGlobalSection
	GlobalSection(ProjectConfigurationPlatforms) = postSolution
		{61856C12-221D-4E46-BE6B-BB6B945841F3}.Debug|Any CPU.ActiveCfg = Debug|Any CPU
		{61856C12-221D-4E46-BE6B-BB6B945841F3}.Debug|Any CPU.Build.0 = Debug|Any CPU
		{61856C12-221D-4E46-BE6B-BB6B945841F3}.Release|Any CPU.ActiveCfg = Release|Any CPU
		{61856C12-221D-4E46-BE6B-BB6B945841F3}.Release|Any CPU.Build.0 = Release|Any CPU
		{02721A57-D482-4A20-BEC7-7164328CA95C}.Debug|Any CPU.ActiveCfg = Debug|Any CPU
		{02721A57-D482-4A20-BEC7-7164328CA95C}.Debug|Any CPU.Build.0 = Debug|Any CPU
		{02721A57-D482-4A20-BEC7-7164328CA95C}.Release|Any CPU.ActiveCfg = Release|Any CPU
		{02721A57-D482-4A20-BEC7-7164328CA95C}.Release|Any CPU.Build.0 = Release|Any CPU
	EndGlobalSection
	GlobalSection(SolutionProperties) = preSolution
		HideSolutionNode = FALSE
	EndGlobalSection
	GlobalSection(NestedProjects) = preSolution
		{61856C12-221D-4E46-BE6B-BB6B945841F3} = {7291360E-51C9-4A23-BE39-D9AF0AF988B7}
		{02721A57-D482-4A20-BEC7-7164328CA95C} = {AD181126-39DA-46F6-9865-20EBB4FE4471}
	EndGlobalSection
	GlobalSection(ExtensibilityGlobals) = postSolution
		SolutionGuid = {B90E57C6-E74A-4CCA-9630-CFF814809323}
	EndGlobalSection
EndGlobal
